
Microsoft Visual Studio Solution File, Format Version 12.00
# Visual Studio 2012
Project("{FAE04EC0-301F-11D3-BF4B-00C04F79EFBC}") = "SGP4_Sharp", "SGP4_Sharp\SGP4_Sharp.csproj", "{A8C667B9-1875-4083-829D-72566A69C0F6}"
EndProject
Project("{FAE04EC0-301F-11D3-BF4B-00C04F79EFBC}") = "SGP4_SharpTests", "SGP4_SharpTests\SGP4_SharpTests.csproj", "{2DADD677-39CC-4665-805E-F2DCC580C4B1}"
EndProject
Global
	GlobalSection(SolutionConfigurationPlatforms) = preSolution
		Debug|Any CPU = Debug|Any CPU
		Release|Any CPU = Release|Any CPU
	EndGlobalSection
	GlobalSection(ProjectConfigurationPlatforms) = postSolution
		{2DADD677-39CC-4665-805E-F2DCC580C4B1}.Debug|Any CPU.ActiveCfg = Debug|Any CPU
		{2DADD677-39CC-4665-805E-F2DCC580C4B1}.Debug|Any CPU.Build.0 = Debug|Any CPU
		{2DADD677-39CC-4665-805E-F2DCC580C4B1}.Release|Any CPU.ActiveCfg = Release|Any CPU
		{2DADD677-39CC-4665-805E-F2DCC580C4B1}.Release|Any CPU.Build.0 = Release|Any CPU
		{A8C667B9-1875-4083-829D-72566A69C0F6}.Debug|Any CPU.ActiveCfg = Debug|Any CPU
		{A8C667B9-1875-4083-829D-72566A69C0F6}.Debug|Any CPU.Build.0 = Debug|Any CPU
		{A8C667B9-1875-4083-829D-72566A69C0F6}.Release|Any CPU.ActiveCfg = Release|Any CPU
		{A8C667B9-1875-4083-829D-72566A69C0F6}.Release|Any CPU.Build.0 = Release|Any CPU
	EndGlobalSection
EndGlobal
